{
  "name": "gl-lottery",
  "version": "1.0.0",
  "lockfileVersion": 1,
  "requires": true,
  "dependencies": {
    "@babel/runtime": {
      "version": "7.7.7",
      "resolved": "https://registry.npmjs.org/@babel/runtime/-/runtime-7.7.7.tgz",
      "integrity": "sha512-uCnC2JEVAu8AKB5do1WRIsvrdJ0flYx/A/9f/6chdacnEZ7LmavjdsDXr5ksYBegxtuTPR5Va9/+13QF/kFkCA==",
      "requires": {
        "regenerator-runtime": "^0.13.2"
      }
    },
    "gl-renderer": {
      "version": "0.11.4",
      "resolved": "https://registry.npmjs.org/gl-renderer/-/gl-renderer-0.11.4.tgz",
      "integrity": "sha512-lDlXgywKGBny0+pIMUv70BM/xf58H3krQPg5AsWX9MV3re0WSbx/QO6RcUTlwO1oVIdGqXs240p4YeYekcavmA==",
      "requires": {
        "@babel/runtime": "^7.7.6"
      }
    },
    "regenerator-runtime": {
      "version": "0.13.3",
      "resolved": "https://registry.npmjs.org/regenerator-runtime/-/regenerator-runtime-0.13.3.tgz",
      "integrity": "sha512-naKIZz2GQ8JWh///G7L3X6LaQUAMp2lvb1rvwwsURe/VXwD6VMfr+/1NuNw3ag8v2kY1aQ/go5SNn79O9JU7yw=="
    }
  }
}
